
Microsoft Visual Studio Solution File, Format Version 12.00
# Visual Studio 15
VisualStudioVersion = 15.0.27004.2006
MinimumVisualStudioVersion = 10.0.40219.1
Project("{FAE04EC0-301F-11D3-BF4B-00C04F79EFBC}") = "EFCoreTutorialGit", "EFCoreTutorialGit\EFCoreTutorialGit.csproj", "{B2A41A0C-E5B0-488F-AACB-71DE147D78F9}"
EndProject
Global
	GlobalSection(SolutionConfigurationPlatforms) = preSolution
		Debug|Any CPU = Debug|Any CPU
		Release|Any CPU = Release|Any CPU
	EndGlobalSection
	GlobalSection(ProjectConfigurationPlatforms) = postSolution
		{B2A41A0C-E5B0-488F-AACB-71DE147D78F9}.Debug|Any CPU.ActiveCfg = Debug|Any CPU
		{B2A41A0C-E5B0-488F-AACB-71DE147D78F9}.Debug|Any CPU.Build.0 = Debug|Any CPU
		{B2A41A0C-E5B0-488F-AACB-71DE147D78F9}.Release|Any CPU.ActiveCfg = Release|Any CPU
		{B2A41A0C-E5B0-488F-AACB-71DE147D78F9}.Release|Any CPU.Build.0 = Release|Any CPU
	EndGlobalSection
	GlobalSection(SolutionProperties) = preSolution
		HideSolutionNode = FALSE
	EndGlobalSection
	GlobalSection(ExtensibilityGlobals) = postSolution
		SolutionGuid = {D87D194F-79D5-4B80-B34A-6F4137974B2D}
	EndGlobalSection
EndGlobal
